#
# This file is autogenerated by pip-compile with Python 3.11
# by the following command:
#
#    pip-compile --allow-unsafe --extra-index-url=https://download.pytorch.org/whl/cpu --output-file=requirements-cpu.lock --strip-extras pyproject.toml
#
--extra-index-url https://download.pytorch.org/whl/cpu

annotated-doc==0.0.5
    # via fastapi
annotated-types==0.8.0
    # via pydantic
anyio==4.14.2
    # via
    #   httpx
    #   image-based-traffic-risk-assessment (pyproject.toml)
    #   starlette
    #   watchfiles
certifi==2026.7.22
    # via
    #   httpcore
    #   httpx
    #   requests
charset-normalizer==3.5.1
    # via requests
click==8.4.2
    # via uvicorn
colorama==0.4.6
    # via click
contourpy==1.3.3
    # via matplotlib
cycler==0.12.1
    # via matplotlib
fastapi==0.141.1
    # via image-based-traffic-risk-assessment (pyproject.toml)
filelock==3.32.3
    # via
    #   torch
    #   ultralytics
fonttools==4.63.0
    # via matplotlib
fsspec==2026.7.0
    # via torch
h11==0.16.0
    # via
    #   httpcore
    #   uvicorn
httpcore==1.0.9
    # via httpx
httptools==0.8.0
    # via uvicorn
httpx==0.28.1
    # via ultralytics-platform
idna==3.19
    # via
    #   anyio
    #   httpx
    #   requests
jinja2==3.1.6
    # via torch
kiwisolver==1.5.0
    # via matplotlib
markupsafe==3.0.3
    # via jinja2
matplotlib==3.11.1
    # via ultralytics
mpmath==1.3.0
    # via sympy
networkx==3.6.1
    # via torch
numpy==2.4.6
    # via
    #   contourpy
    #   image-based-traffic-risk-assessment (pyproject.toml)
    #   matplotlib
    #   opencv-python
    #   pandas
    #   scipy
    #   torchvision
    #   ultralytics
    #   ultralytics-thop
    #   xgboost-cpu
nvidia-ml-py==13.610.43
    # via ultralytics
opencv-python==5.0.0.93
    # via
    #   image-based-traffic-risk-assessment (pyproject.toml)
    #   ultralytics
packaging==26.3
    # via matplotlib
pandas==2.3.3
    # via image-based-traffic-risk-assessment (pyproject.toml)
pillow==12.3.0
    # via
    #   image-based-traffic-risk-assessment (pyproject.toml)
    #   matplotlib
    #   torchvision
    #   ultralytics
polars==1.43.2
    # via ultralytics
polars-runtime-32==1.43.2
    # via polars
psutil==7.2.2
    # via ultralytics
pydantic==2.13.4
    # via
    #   fastapi
    #   image-based-traffic-risk-assessment (pyproject.toml)
pydantic-core==2.46.4
    # via pydantic
pyparsing==3.3.2
    # via matplotlib
python-dateutil==2.9.0.post0
    # via
    #   matplotlib
    #   pandas
python-dotenv==1.2.3
    # via uvicorn
python-multipart==0.0.32
    # via image-based-traffic-risk-assessment (pyproject.toml)
pytz==2026.3.post1
    # via pandas
pyyaml==6.0.3
    # via
    #   ultralytics
    #   uvicorn
requests==2.34.2
    # via ultralytics
scipy==1.17.1
    # via xgboost-cpu
six==1.17.0
    # via python-dateutil
starlette==1.6.0
    # via fastapi
sympy==1.14.0
    # via torch
torch==2.13.0+cpu
    # via
    #   image-based-traffic-risk-assessment (pyproject.toml)
    #   torchvision
    #   ultralytics
    #   ultralytics-thop
torchvision==0.28.0+cpu
    # via
    #   image-based-traffic-risk-assessment (pyproject.toml)
    #   ultralytics
typing-extensions==4.16.0
    # via
    #   anyio
    #   fastapi
    #   pydantic
    #   pydantic-core
    #   starlette
    #   torch
    #   typing-inspection
typing-inspection==0.4.4
    # via
    #   fastapi
    #   pydantic
tzdata==2026.3
    # via pandas
ultralytics==8.4.126
    # via image-based-traffic-risk-assessment (pyproject.toml)
ultralytics-platform==0.1.11
    # via ultralytics
ultralytics-thop==2.1.6
    # via ultralytics
urllib3==2.7.0
    # via requests
uvicorn==0.52.4
    # via image-based-traffic-risk-assessment (pyproject.toml)
watchfiles==1.2.0
    # via uvicorn
websockets==17.0.1
    # via uvicorn
xgboost-cpu==3.2.0 ; sys_platform == "win32" or sys_platform == "linux"
    # via image-based-traffic-risk-assessment (pyproject.toml)

# The following packages are considered to be unsafe in a requirements file:
setuptools==84.0.0
    # via torch
